
Microsoft Visual Studio Solution File, Format Version 12.00
# Visual Studio 15
VisualStudioVersion = 15.0.28010.2016
MinimumVisualStudioVersion = 10.0.40219.1
Project("{9A19103F-16F7-4668-BE54-9A1E7A4F7556}") = "WebApp", "WebApp\WebApp.csproj", "{DCA59333-6AA0-4D37-9C90-0E0CB4B27F03}"
EndProject
Project("{9A19103F-16F7-4668-BE54-9A1E7A4F7556}") = "WebApp2", "WebApp2\WebApp2.csproj", "{4D9D0525-0FD7-4B4D-B86B-D1F74A881899}"
EndProject
Project("{9A19103F-16F7-4668-BE54-9A1E7A4F7556}") = "NineskyStudy", "NineskyStudy\NineskyStudy.csproj", "{0C40597C-7A47-4888-9379-728511BAFD43}"
EndProject
Project("{9A19103F-16F7-4668-BE54-9A1E7A4F7556}") = "NineskyStudy.Base", "NineskyStudy.Base\NineskyStudy.Base.csproj", "{ACCA0F8F-93D5-44B9-9FBF-2B672F52852C}"
EndProject
Project("{9A19103F-16F7-4668-BE54-9A1E7A4F7556}") = "NineskyStudy.Models", "NineskyStudy.Models\NineskyStudy.Models.csproj", "{B8B0E51B-D372-4916-94CE-5863AD60C14C}"
EndProject
Project("{9A19103F-16F7-4668-BE54-9A1E7A4F7556}") = "NineskyStudy.InterfaceBase", "NineskyStudy.InterfaceBase\NineskyStudy.InterfaceBase.csproj", "{A5272340-B37B-4BC5-8502-9595AC4105A8}"
EndProject
Project("{9A19103F-16F7-4668-BE54-9A1E7A4F7556}") = "NineskyStudy.ICarModule", "NineskyStudy.ICarModule\NineskyStudy.ICarModule.csproj", "{C5E7DBAE-BCC3-45D1-8F8D-92885C880B69}"
EndProject
Project("{9A19103F-16F7-4668-BE54-9A1E7A4F7556}") = "NineskyStudy.AudiCarModule", "NineskyStudy.AudiCarModule\NineskyStudy.AudiCarModule.csproj", "{E3AA50E0-F247-42C1-BC15-B39DBE279F04}"
EndProject
Project("{9A19103F-16F7-4668-BE54-9A1E7A4F7556}") = "NineskyStudy.BenzCarModule", "NineskyStudy.BenzCarModule\NineskyStudy.BenzCarModule.csproj", "{67FB5EA3-164D-4EAC-BD0A-F33999BE6FB5}"
EndProject
Project("{FAE04EC0-301F-11D3-BF4B-00C04F79EFBC}") = "WinFormApp", "WinFormApp\WinFormApp.csproj", "{EEE17577-32FE-4E1A-A3F9-11142CEDF62E}"
EndProject
Project("{9A19103F-16F7-4668-BE54-9A1E7A4F7556}") = "CoreConsoleApp", "CoreConsoleApp\CoreConsoleApp.csproj", "{ECE0C716-28B7-484A-AE32-1021DD977160}"
EndProject
Project("{FAE04EC0-301F-11D3-BF4B-00C04F79EFBC}") = "FclConsoleApp", "FclConsoleApp\FclConsoleApp.csproj", "{C2280BEF-3008-4D82-AEC6-2D67801AB90B}"
EndProject
Global
	GlobalSection(SolutionConfigurationPlatforms) = preSolution
		Debug|Any CPU = Debug|Any CPU
		Release|Any CPU = Release|Any CPU
	EndGlobalSection
	GlobalSection(ProjectConfigurationPlatforms) = postSolution
		{DCA59333-6AA0-4D37-9C90-0E0CB4B27F03}.Debug|Any CPU.ActiveCfg = Debug|Any CPU
		{DCA59333-6AA0-4D37-9C90-0E0CB4B27F03}.Debug|Any CPU.Build.0 = Debug|Any CPU
		{DCA59333-6AA0-4D37-9C90-0E0CB4B27F03}.Release|Any CPU.ActiveCfg = Release|Any CPU
		{DCA59333-6AA0-4D37-9C90-0E0CB4B27F03}.Release|Any CPU.Build.0 = Release|Any CPU
		{4D9D0525-0FD7-4B4D-B86B-D1F74A881899}.Debug|Any CPU.ActiveCfg = Debug|Any CPU
		{4D9D0525-0FD7-4B4D-B86B-D1F74A881899}.Debug|Any CPU.Build.0 = Debug|Any CPU
		{4D9D0525-0FD7-4B4D-B86B-D1F74A881899}.Release|Any CPU.ActiveCfg = Release|Any CPU
		{4D9D0525-0FD7-4B4D-B86B-D1F74A881899}.Release|Any CPU.Build.0 = Release|Any CPU
		{0C40597C-7A47-4888-9379-728511BAFD43}.Debug|Any CPU.ActiveCfg = Debug|Any CPU
		{0C40597C-7A47-4888-9379-728511BAFD43}.Debug|Any CPU.Build.0 = Debug|Any CPU
		{0C40597C-7A47-4888-9379-728511BAFD43}.Release|Any CPU.ActiveCfg = Release|Any CPU
		{0C40597C-7A47-4888-9379-728511BAFD43}.Release|Any CPU.Build.0 = Release|Any CPU
		{ACCA0F8F-93D5-44B9-9FBF-2B672F52852C}.Debug|Any CPU.ActiveCfg = Debug|Any CPU
		{ACCA0F8F-93D5-44B9-9FBF-2B672F52852C}.Debug|Any CPU.Build.0 = Debug|Any CPU
		{ACCA0F8F-93D5-44B9-9FBF-2B672F52852C}.Release|Any CPU.ActiveCfg = Release|Any CPU
		{ACCA0F8F-93D5-44B9-9FBF-2B672F52852C}.Release|Any CPU.Build.0 = Release|Any CPU
		{B8B0E51B-D372-4916-94CE-5863AD60C14C}.Debug|Any CPU.ActiveCfg = Debug|Any CPU
		{B8B0E51B-D372-4916-94CE-5863AD60C14C}.Debug|Any CPU.Build.0 = Debug|Any CPU
		{B8B0E51B-D372-4916-94CE-5863AD60C14C}.Release|Any CPU.ActiveCfg = Release|Any CPU
		{B8B0E51B-D372-4916-94CE-5863AD60C14C}.Release|Any CPU.Build.0 = Release|Any CPU
		{A5272340-B37B-4BC5-8502-9595AC4105A8}.Debug|Any CPU.ActiveCfg = Debug|Any CPU
		{A5272340-B37B-4BC5-8502-9595AC4105A8}.Debug|Any CPU.Build.0 = Debug|Any CPU
		{A5272340-B37B-4BC5-8502-9595AC4105A8}.Release|Any CPU.ActiveCfg = Release|Any CPU
		{A5272340-B37B-4BC5-8502-9595AC4105A8}.Release|Any CPU.Build.0 = Release|Any CPU
		{C5E7DBAE-BCC3-45D1-8F8D-92885C880B69}.Debug|Any CPU.ActiveCfg = Debug|Any CPU
		{C5E7DBAE-BCC3-45D1-8F8D-92885C880B69}.Debug|Any CPU.Build.0 = Debug|Any CPU
		{C5E7DBAE-BCC3-45D1-8F8D-92885C880B69}.Release|Any CPU.ActiveCfg = Release|Any CPU
		{C5E7DBAE-BCC3-45D1-8F8D-92885C880B69}.Release|Any CPU.Build.0 = Release|Any CPU
		{E3AA50E0-F247-42C1-BC15-B39DBE279F04}.Debug|Any CPU.ActiveCfg = Debug|Any CPU
		{E3AA50E0-F247-42C1-BC15-B39DBE279F04}.Debug|Any CPU.Build.0 = Debug|Any CPU
		{E3AA50E0-F247-42C1-BC15-B39DBE279F04}.Release|Any CPU.ActiveCfg = Release|Any CPU
		{E3AA50E0-F247-42C1-BC15-B39DBE279F04}.Release|Any CPU.Build.0 = Release|Any CPU
		{67FB5EA3-164D-4EAC-BD0A-F33999BE6FB5}.Debug|Any CPU.ActiveCfg = Debug|Any CPU
		{67FB5EA3-164D-4EAC-BD0A-F33999BE6FB5}.Debug|Any CPU.Build.0 = Debug|Any CPU
		{67FB5EA3-164D-4EAC-BD0A-F33999BE6FB5}.Release|Any CPU.ActiveCfg = Release|Any CPU
		{67FB5EA3-164D-4EAC-BD0A-F33999BE6FB5}.Release|Any CPU.Build.0 = Release|Any CPU
		{EEE17577-32FE-4E1A-A3F9-11142CEDF62E}.Debug|Any CPU.ActiveCfg = Debug|Any CPU
		{EEE17577-32FE-4E1A-A3F9-11142CEDF62E}.Debug|Any CPU.Build.0 = Debug|Any CPU
		{EEE17577-32FE-4E1A-A3F9-11142CEDF62E}.Release|Any CPU.ActiveCfg = Release|Any CPU
		{EEE17577-32FE-4E1A-A3F9-11142CEDF62E}.Release|Any CPU.Build.0 = Release|Any CPU
		{ECE0C716-28B7-484A-AE32-1021DD977160}.Debug|Any CPU.ActiveCfg = Debug|Any CPU
		{ECE0C716-28B7-484A-AE32-1021DD977160}.Debug|Any CPU.Build.0 = Debug|Any CPU
		{ECE0C716-28B7-484A-AE32-1021DD977160}.Release|Any CPU.ActiveCfg = Release|Any CPU
		{ECE0C716-28B7-484A-AE32-1021DD977160}.Release|Any CPU.Build.0 = Release|Any CPU
		{C2280BEF-3008-4D82-AEC6-2D67801AB90B}.Debug|Any CPU.ActiveCfg = Debug|Any CPU
		{C2280BEF-3008-4D82-AEC6-2D67801AB90B}.Debug|Any CPU.Build.0 = Debug|Any CPU
		{C2280BEF-3008-4D82-AEC6-2D67801AB90B}.Release|Any CPU.ActiveCfg = Release|Any CPU
		{C2280BEF-3008-4D82-AEC6-2D67801AB90B}.Release|Any CPU.Build.0 = Release|Any CPU
	EndGlobalSection
	GlobalSection(SolutionProperties) = preSolution
		HideSolutionNode = FALSE
	EndGlobalSection
	GlobalSection(ExtensibilityGlobals) = postSolution
		SolutionGuid = {ACC9B634-0FCD-48F3-83BD-D60BC0C7AEA6}
	EndGlobalSection
EndGlobal
