
Microsoft Visual Studio Solution File, Format Version 12.00
# Visual Studio 15
VisualStudioVersion = 15.0.28010.2016
MinimumVisualStudioVersion = 10.0.40219.1
Project("{FAE04EC0-301F-11D3-BF4B-00C04F79EFBC}") = "BootStrapApp", "BootStrapApp\BootStrapApp.csproj", "{02794E25-DB43-4ED3-AA9A-F25B5DD86128}"
EndProject
Project("{FAE04EC0-301F-11D3-BF4B-00C04F79EFBC}") = "Test", "Test\Test.csproj", "{A7A08AFF-859A-44EC-AAB4-1A54612FE25A}"
EndProject
Global
	GlobalSection(SolutionConfigurationPlatforms) = preSolution
		Debug|Any CPU = Debug|Any CPU
		Release|Any CPU = Release|Any CPU
	EndGlobalSection
	GlobalSection(ProjectConfigurationPlatforms) = postSolution
		{02794E25-DB43-4ED3-AA9A-F25B5DD86128}.Debug|Any CPU.ActiveCfg = Debug|Any CPU
		{02794E25-DB43-4ED3-AA9A-F25B5DD86128}.Debug|Any CPU.Build.0 = Debug|Any CPU
		{02794E25-DB43-4ED3-AA9A-F25B5DD86128}.Release|Any CPU.ActiveCfg = Release|Any CPU
		{02794E25-DB43-4ED3-AA9A-F25B5DD86128}.Release|Any CPU.Build.0 = Release|Any CPU
		{A7A08AFF-859A-44EC-AAB4-1A54612FE25A}.Debug|Any CPU.ActiveCfg = Debug|Any CPU
		{A7A08AFF-859A-44EC-AAB4-1A54612FE25A}.Debug|Any CPU.Build.0 = Debug|Any CPU
		{A7A08AFF-859A-44EC-AAB4-1A54612FE25A}.Release|Any CPU.ActiveCfg = Release|Any CPU
		{A7A08AFF-859A-44EC-AAB4-1A54612FE25A}.Release|Any CPU.Build.0 = Release|Any CPU
	EndGlobalSection
	GlobalSection(SolutionProperties) = preSolution
		HideSolutionNode = FALSE
	EndGlobalSection
	GlobalSection(ExtensibilityGlobals) = postSolution
		SolutionGuid = {1496A1BF-750A-484B-8142-D79843ADDBF3}
	EndGlobalSection
EndGlobal
