Microsoft Visual Studio Solution File, Format Version 10.00
# Visual C# Express 2008
Project("{FAE04EC0-301F-11D3-BF4B-00C04F79EFBC}") = "edtFTPnet", "edtFTPnet.csproj", "{E5AD8FAE-D003-45FE-A6BC-EF0619D445F4}"
EndProject
Global
	GlobalSection(SolutionConfigurationPlatforms) = preSolution
		Debug|Any CPU = Debug|Any CPU
		Release|Any CPU = Release|Any CPU
	EndGlobalSection
	GlobalSection(ProjectConfigurationPlatforms) = postSolution
		{E5AD8FAE-D003-45FE-A6BC-EF0619D445F4}.Debug|Any CPU.ActiveCfg = Debug|Any CPU
		{E5AD8FAE-D003-45FE-A6BC-EF0619D445F4}.Debug|Any CPU.Build.0 = Debug|Any CPU
		{E5AD8FAE-D003-45FE-A6BC-EF0619D445F4}.Release|Any CPU.ActiveCfg = Release|Any CPU
		{E5AD8FAE-D003-45FE-A6BC-EF0619D445F4}.Release|Any CPU.Build.0 = Release|Any CPU
	EndGlobalSection
	GlobalSection(SolutionProperties) = preSolution
		HideSolutionNode = FALSE
	EndGlobalSection
EndGlobal
